
Microsoft Visual Studio Solution File, Format Version 12.00
# Visual Studio Version 17
VisualStudioVersion = 17.5.33516.290
MinimumVisualStudioVersion = 10.0.40219.1
Project("{9A19103F-16F7-4668-BE54-9A1E7A4F7556}") = "ShopOnline.web", "ShopOnline.web\ShopOnline.web.csproj", "{1E1C6CE8-22B4-4190-8B4D-078D8C8958A3}"
EndProject
Project("{9A19103F-16F7-4668-BE54-9A1E7A4F7556}") = "ShopOnline.api", "ShopOnline.api\ShopOnline.api.csproj", "{670C72B1-155E-431B-A052-4CF7E1118C96}"
EndProject
Project("{FAE04EC0-301F-11D3-BF4B-00C04F79EFBC}") = "ShopOnline.models", "ShopOnline.models\ShopOnline.models.csproj", "{7A0F9F57-A655-4804-A4C9-3D85D2969A3E}"
EndProject
Global
	GlobalSection(SolutionConfigurationPlatforms) = preSolution
		Debug|Any CPU = Debug|Any CPU
		Release|Any CPU = Release|Any CPU
	EndGlobalSection
	GlobalSection(ProjectConfigurationPlatforms) = postSolution
		{1E1C6CE8-22B4-4190-8B4D-078D8C8958A3}.Debug|Any CPU.ActiveCfg = Debug|Any CPU
		{1E1C6CE8-22B4-4190-8B4D-078D8C8958A3}.Debug|Any CPU.Build.0 = Debug|Any CPU
		{1E1C6CE8-22B4-4190-8B4D-078D8C8958A3}.Release|Any CPU.ActiveCfg = Release|Any CPU
		{1E1C6CE8-22B4-4190-8B4D-078D8C8958A3}.Release|Any CPU.Build.0 = Release|Any CPU
		{670C72B1-155E-431B-A052-4CF7E1118C96}.Debug|Any CPU.ActiveCfg = Debug|Any CPU
		{670C72B1-155E-431B-A052-4CF7E1118C96}.Debug|Any CPU.Build.0 = Debug|Any CPU
		{670C72B1-155E-431B-A052-4CF7E1118C96}.Release|Any CPU.ActiveCfg = Release|Any CPU
		{670C72B1-155E-431B-A052-4CF7E1118C96}.Release|Any CPU.Build.0 = Release|Any CPU
		{7A0F9F57-A655-4804-A4C9-3D85D2969A3E}.Debug|Any CPU.ActiveCfg = Debug|Any CPU
		{7A0F9F57-A655-4804-A4C9-3D85D2969A3E}.Debug|Any CPU.Build.0 = Debug|Any CPU
		{7A0F9F57-A655-4804-A4C9-3D85D2969A3E}.Release|Any CPU.ActiveCfg = Release|Any CPU
		{7A0F9F57-A655-4804-A4C9-3D85D2969A3E}.Release|Any CPU.Build.0 = Release|Any CPU
	EndGlobalSection
	GlobalSection(SolutionProperties) = preSolution
		HideSolutionNode = FALSE
	EndGlobalSection
	GlobalSection(ExtensibilityGlobals) = postSolution
		SolutionGuid = {0DCE2489-1374-4C59-8E42-3C70CE72E2D5}
	EndGlobalSection
EndGlobal
